
Microsoft Visual Studio Solution File, Format Version 12.00
# Visual Studio 15
VisualStudioVersion = 15.0.26403.7
MinimumVisualStudioVersion = 10.0.40219.1
Project("{FAE04EC0-301F-11D3-BF4B-00C04F79EFBC}") = "Example-API", "Clone1-API\Example-API.csproj", "{FBA618F2-9EC7-4132-886D-BE801EA1E088}"
EndProject
Global
	GlobalSection(SolutionConfigurationPlatforms) = preSolution
		Debug|Any CPU = Debug|Any CPU
		Release|Any CPU = Release|Any CPU
	EndGlobalSection
	GlobalSection(ProjectConfigurationPlatforms) = postSolution
		{FBA618F2-9EC7-4132-886D-BE801EA1E088}.Debug|Any CPU.ActiveCfg = Debug|Any CPU
		{FBA618F2-9EC7-4132-886D-BE801EA1E088}.Debug|Any CPU.Build.0 = Debug|Any CPU
		{FBA618F2-9EC7-4132-886D-BE801EA1E088}.Release|Any CPU.ActiveCfg = Release|Any CPU
		{FBA618F2-9EC7-4132-886D-BE801EA1E088}.Release|Any CPU.Build.0 = Release|Any CPU
	EndGlobalSection
	GlobalSection(SolutionProperties) = preSolution
		HideSolutionNode = FALSE
	EndGlobalSection
EndGlobal
